
Microsoft Visual Studio Solution File, Format Version 12.00
# Visual Studio Version 17
VisualStudioVersion = 17.7.34221.43
MinimumVisualStudioVersion = 10.0.40219.1
Project("{FAE04EC0-301F-11D3-BF4B-00C04F79EFBC}") = "systemreader writer", "systemreader writer.csproj", "{E8971FCD-34A0-4E86-A384-455B02798F80}"
EndProject
Global
	GlobalSection(SolutionConfigurationPlatforms) = preSolution
		Debug|Any CPU = Debug|Any CPU
		Release|Any CPU = Release|Any CPU
	EndGlobalSection
	GlobalSection(ProjectConfigurationPlatforms) = postSolution
		{E8971FCD-34A0-4E86-A384-455B02798F80}.Debug|Any CPU.ActiveCfg = Debug|Any CPU
		{E8971FCD-34A0-4E86-A384-455B02798F80}.Debug|Any CPU.Build.0 = Debug|Any CPU
		{E8971FCD-34A0-4E86-A384-455B02798F80}.Release|Any CPU.ActiveCfg = Release|Any CPU
		{E8971FCD-34A0-4E86-A384-455B02798F80}.Release|Any CPU.Build.0 = Release|Any CPU
	EndGlobalSection
	GlobalSection(SolutionProperties) = preSolution
		HideSolutionNode = FALSE
	EndGlobalSection
	GlobalSection(ExtensibilityGlobals) = postSolution
		SolutionGuid = {1AE97632-1D74-4262-BD7E-5458624DAC0C}
	EndGlobalSection
EndGlobal
