
Microsoft Visual Studio Solution File, Format Version 12.00
# Visual Studio Version 17
VisualStudioVersion = 17.7.34221.43
MinimumVisualStudioVersion = 10.0.40219.1
Project("{FAE04EC0-301F-11D3-BF4B-00C04F79EFBC}") = "ConsoleApp2", "ConsoleApp2.csproj", "{486CD677-A383-48B1-914F-496B8ACD30E0}"
EndProject
Global
	GlobalSection(SolutionConfigurationPlatforms) = preSolution
		Debug|Any CPU = Debug|Any CPU
		Release|Any CPU = Release|Any CPU
	EndGlobalSection
	GlobalSection(ProjectConfigurationPlatforms) = postSolution
		{486CD677-A383-48B1-914F-496B8ACD30E0}.Debug|Any CPU.ActiveCfg = Debug|Any CPU
		{486CD677-A383-48B1-914F-496B8ACD30E0}.Debug|Any CPU.Build.0 = Debug|Any CPU
		{486CD677-A383-48B1-914F-496B8ACD30E0}.Release|Any CPU.ActiveCfg = Release|Any CPU
		{486CD677-A383-48B1-914F-496B8ACD30E0}.Release|Any CPU.Build.0 = Release|Any CPU
	EndGlobalSection
	GlobalSection(SolutionProperties) = preSolution
		HideSolutionNode = FALSE
	EndGlobalSection
	GlobalSection(ExtensibilityGlobals) = postSolution
		SolutionGuid = {E791DAD5-F524-4DBC-AA1D-E0C30A204592}
	EndGlobalSection
EndGlobal
