
Microsoft Visual Studio Solution File, Format Version 12.00
# Visual Studio Version 17
VisualStudioVersion = 17.7.34221.43
MinimumVisualStudioVersion = 10.0.40219.1
Project("{FAE04EC0-301F-11D3-BF4B-00C04F79EFBC}") = "car rental", "car rental.csproj", "{905F7A0E-D6EF-40DF-B0C8-07A8B39C7ABC}"
EndProject
Global
	GlobalSection(SolutionConfigurationPlatforms) = preSolution
		Debug|Any CPU = Debug|Any CPU
		Release|Any CPU = Release|Any CPU
	EndGlobalSection
	GlobalSection(ProjectConfigurationPlatforms) = postSolution
		{905F7A0E-D6EF-40DF-B0C8-07A8B39C7ABC}.Debug|Any CPU.ActiveCfg = Debug|Any CPU
		{905F7A0E-D6EF-40DF-B0C8-07A8B39C7ABC}.Debug|Any CPU.Build.0 = Debug|Any CPU
		{905F7A0E-D6EF-40DF-B0C8-07A8B39C7ABC}.Release|Any CPU.ActiveCfg = Release|Any CPU
		{905F7A0E-D6EF-40DF-B0C8-07A8B39C7ABC}.Release|Any CPU.Build.0 = Release|Any CPU
	EndGlobalSection
	GlobalSection(SolutionProperties) = preSolution
		HideSolutionNode = FALSE
	EndGlobalSection
	GlobalSection(ExtensibilityGlobals) = postSolution
		SolutionGuid = {E43F45CF-4562-4755-A182-D1BE9F9B3AAB}
	EndGlobalSection
EndGlobal
