
Microsoft Visual Studio Solution File, Format Version 12.00
# Visual Studio Version 17
VisualStudioVersion = 17.8.34330.188
MinimumVisualStudioVersion = 10.0.40219.1
Project("{FAE04EC0-301F-11D3-BF4B-00C04F79EFBC}") = "ConsoleAp_uygulama", "ConsoleAp_uygulama.csproj", "{D9D4A448-BEBF-4A30-964C-84D16A5A1E3A}"
EndProject
Global
	GlobalSection(SolutionConfigurationPlatforms) = preSolution
		Debug|Any CPU = Debug|Any CPU
		Release|Any CPU = Release|Any CPU
	EndGlobalSection
	GlobalSection(ProjectConfigurationPlatforms) = postSolution
		{D9D4A448-BEBF-4A30-964C-84D16A5A1E3A}.Debug|Any CPU.ActiveCfg = Debug|Any CPU
		{D9D4A448-BEBF-4A30-964C-84D16A5A1E3A}.Debug|Any CPU.Build.0 = Debug|Any CPU
		{D9D4A448-BEBF-4A30-964C-84D16A5A1E3A}.Release|Any CPU.ActiveCfg = Release|Any CPU
		{D9D4A448-BEBF-4A30-964C-84D16A5A1E3A}.Release|Any CPU.Build.0 = Release|Any CPU
	EndGlobalSection
	GlobalSection(SolutionProperties) = preSolution
		HideSolutionNode = FALSE
	EndGlobalSection
	GlobalSection(ExtensibilityGlobals) = postSolution
		SolutionGuid = {786034C5-004C-43F9-99B3-B1065F520178}
	EndGlobalSection
EndGlobal
