
Microsoft Visual Studio Solution File, Format Version 12.00
# Visual Studio Version 17
VisualStudioVersion = 17.7.34221.43
MinimumVisualStudioVersion = 10.0.40219.1
Project("{FAE04EC0-301F-11D3-BF4B-00C04F79EFBC}") = "Ogrencı Menu App", "Ogrencı Menu App.csproj", "{CE542280-4DE4-4B17-8136-1A5D3E23F68E}"
EndProject
Global
	GlobalSection(SolutionConfigurationPlatforms) = preSolution
		Debug|Any CPU = Debug|Any CPU
		Release|Any CPU = Release|Any CPU
	EndGlobalSection
	GlobalSection(ProjectConfigurationPlatforms) = postSolution
		{CE542280-4DE4-4B17-8136-1A5D3E23F68E}.Debug|Any CPU.ActiveCfg = Debug|Any CPU
		{CE542280-4DE4-4B17-8136-1A5D3E23F68E}.Debug|Any CPU.Build.0 = Debug|Any CPU
		{CE542280-4DE4-4B17-8136-1A5D3E23F68E}.Release|Any CPU.ActiveCfg = Release|Any CPU
		{CE542280-4DE4-4B17-8136-1A5D3E23F68E}.Release|Any CPU.Build.0 = Release|Any CPU
	EndGlobalSection
	GlobalSection(SolutionProperties) = preSolution
		HideSolutionNode = FALSE
	EndGlobalSection
	GlobalSection(ExtensibilityGlobals) = postSolution
		SolutionGuid = {CDC0B7D9-CD80-464E-8252-45B3254E7417}
	EndGlobalSection
EndGlobal
